
Microsoft Visual Studio Solution File, Format Version 12.00
# Visual Studio Version 16
VisualStudioVersion = 16.0.31321.278
MinimumVisualStudioVersion = 10.0.40219.1
Project("{8BC9CEB8-8B4A-11D0-8D11-00A0C91BC942}") = "HelloWorld", "HelloWorld\HelloWorld.vcxproj", "{FBCF8D7A-9AB2-4550-A68E-5552B7BBA07B}"
EndProject
Project("{8BC9CEB8-8B4A-11D0-8D11-00A0C91BC942}") = "CombatCpp", "CombatCpp\CombatCpp.vcxproj", "{ED1C9893-1D17-4DA2-8026-7B4630F386E5}"
EndProject
Project("{8BC9CEB8-8B4A-11D0-8D11-00A0C91BC942}") = "1.02 - PokerHandDealer - formative", "PokerHandDealer\PokerHandDealer.vcxproj", "{E26B7E31-8F88-4F65-ABA6-2087C40878D7}"
EndProject
Project("{8BC9CEB8-8B4A-11D0-8D11-00A0C91BC942}") = "01.02 - exo - strings -1", "01.02 - exo - strings -1\01.02 - exo - strings -1.vcxproj", "{561FEDF4-58A8-433B-8E5C-E6D640B17927}"
EndProject
Project("{8BC9CEB8-8B4A-11D0-8D11-00A0C91BC942}") = "01.02 - exo - strings - reverse", "01.02 - exo - strings - reverse\01.02 - exo - strings - reverse.vcxproj", "{943707CA-02F2-43A8-8FBA-18795FF99246}"
EndProject
Project("{8BC9CEB8-8B4A-11D0-8D11-00A0C91BC942}") = "01.02 - exo - strings - forward", "01.02 - exo - strings - forward\01.02 - exo - strings - forward.vcxproj", "{886D6270-B357-4DDB-AE2E-81262FB4044E}"
EndProject
Project("{8BC9CEB8-8B4A-11D0-8D11-00A0C91BC942}") = "01.02 - exo - strings - Capitalize", "01.02 - exo - strings - Capitalize\01.02 - exo - strings - Capitalize.vcxproj", "{53EE35B1-8EA2-4392-BB7D-2F26373800C2}"
EndProject
Project("{8BC9CEB8-8B4A-11D0-8D11-00A0C91BC942}") = "01.02 - exo -strings - longestWord", "01.02 - exo -strings - longestWord\01.02 - exo -strings - longestWord.vcxproj", "{29D002B9-6C36-4799-9E3C-1AA5BE19B081}"
EndProject
Project("{8BC9CEB8-8B4A-11D0-8D11-00A0C91BC942}") = "01.02 - exo - strings - replace", "01.02 - exo - strings - replace\01.02 - exo - strings - replace.vcxproj", "{6AE54CAE-5594-4EEE-B869-90AD26BA8B9B}"
EndProject
Project("{8BC9CEB8-8B4A-11D0-8D11-00A0C91BC942}") = "01.02 - FORMATIVE - strings - NarrativeGame", "01.02 - FORMATIVE - strings - NarrativeGame\01.02 - FORMATIVE - strings - NarrativeGame.vcxproj", "{62864E9F-A5B7-4DB8-AF87-988FE5114256}"
EndProject
Project("{8BC9CEB8-8B4A-11D0-8D11-00A0C91BC942}") = "03 - exo - 2.1 vector", "03 - exo - 2.1 vector\03 - exo - 2.1 vector.vcxproj", "{C2BFA2A4-18D4-4A3C-B76F-74010CF5ECAF}"
EndProject
Project("{8BC9CEB8-8B4A-11D0-8D11-00A0C91BC942}") = "03 - Formativ - roulette russe alternativ", "03 - Formativ - roulette russe alternativ\03 - Formativ - roulette russe alternativ.vcxproj", "{1C9E52A1-D04E-48B8-8440-2E0DBF996C5B}"
EndProject
Project("{8BC9CEB8-8B4A-11D0-8D11-00A0C91BC942}") = "03 - Formativ - 4 Annuaire", "03 - Formativ - 4 Annuaire\03 - Formativ - 4 Annuaire.vcxproj", "{6E26140B-24B1-4067-9E96-679D51A1D129}"
EndProject
Project("{8BC9CEB8-8B4A-11D0-8D11-00A0C91BC942}") = "03 - Formativ - 1 Class - PokerImproved", "03 - Formativ - 1 Class - PokerImproved\03 - Formativ - 1 Class - PokerImproved.vcxproj", "{687C4E3A-4CD2-46EF-ADEB-FC202F1244B2}"
EndProject
Project("{8BC9CEB8-8B4A-11D0-8D11-00A0C91BC942}") = "04 - Exercice 1 - OOP - Car", "04 - Exo - OOP - Voiture\04 - Exo - OOP - Voiture.vcxproj", "{522ED691-05C6-4897-82DA-801701218C79}"
EndProject
Project("{2150E333-8FDC-42A3-9474-1A3956D46DE8}") = "01", "01", "{2D870702-5E04-44BD-9F4F-D41119BFF4C1}"
EndProject
Project("{2150E333-8FDC-42A3-9474-1A3956D46DE8}") = "02", "02", "{28449F6E-E0FF-4825-81BC-636F9F6D33A7}"
EndProject
Project("{2150E333-8FDC-42A3-9474-1A3956D46DE8}") = "03", "03", "{9B43D59D-A7C2-4805-8EF7-BEDAB7CF7F5C}"
EndProject
Project("{2150E333-8FDC-42A3-9474-1A3956D46DE8}") = "00", "00", "{142D4DE1-1F68-412F-BC5F-19B370433E20}"
EndProject
Project("{2150E333-8FDC-42A3-9474-1A3956D46DE8}") = "04", "04", "{54D4695D-7C7E-45CF-A7AC-F08995D31BCE}"
EndProject
Project("{8BC9CEB8-8B4A-11D0-8D11-00A0C91BC942}") = "04 - Exercice 2 - OOP - Point", "04 - Exercice 2 - OOP - Point\04 - Exercice 2 - OOP - Point.vcxproj", "{CF59C4B1-0EAE-4B40-B969-64B7558FAE00}"
EndProject
Project("{8BC9CEB8-8B4A-11D0-8D11-00A0C91BC942}") = "04 - Exercice 3 - OOP - Car2", "04 - Exercice 3 - OOP - Car2\04 - Exercice 3 - OOP - Car2.vcxproj", "{ABAFFEEE-F225-4DAC-903D-3BE5840CC7A8}"
EndProject
Project("{8BC9CEB8-8B4A-11D0-8D11-00A0C91BC942}") = "04 - Exercice 4 - OOP - bonbon", "04 - Exercice 4 - OOP - bonbon\04 - Exercice 4 - OOP - bonbon.vcxproj", "{692B5999-508F-4EFF-99D7-BB941564E0FB}"
EndProject
Project("{8BC9CEB8-8B4A-11D0-8D11-00A0C91BC942}") = "04 - Formativ - OOP - Verger_heritage", "04 - Formativ - OOP - Verger_heritage\04 - Formativ - OOP - Verger_heritage.vcxproj", "{35FDFBA6-D39E-4FE9-9950-3A15730ACD2E}"
EndProject
Project("{8BC9CEB8-8B4A-11D0-8D11-00A0C91BC942}") = "Test héritage", "..\..\JeuxCpp\Test héritage\Test héritage.vcxproj", "{B85DAFD7-AC29-41ED-A835-DA54386237A3}"
EndProject
Project("{2150E333-8FDC-42A3-9474-1A3956D46DE8}") = "Tests", "Tests", "{56149985-0F71-4FBD-A7DC-D9D45E6A9B61}"
EndProject
Project("{8BC9CEB8-8B4A-11D0-8D11-00A0C91BC942}") = "04 - Exercice9 - OOP - Inventory", "04 - Exercice - OOP - Inventory\04 - Exercice - OOP - Inventory.vcxproj", "{40F55AF9-17FB-4BA9-B284-35CCA9CF0B37}"
EndProject
Project("{8BC9CEB8-8B4A-11D0-8D11-00A0C91BC942}") = "04 - Formativ - OOP - Solar System", "04 - Formativ - OOP - Solar System\04 - Formativ - OOP - Solar System.vcxproj", "{2E58BBAE-207B-4C20-9645-79C19B2A7B77}"
EndProject
Project("{2150E333-8FDC-42A3-9474-1A3956D46DE8}") = "06", "06", "{D3132520-7128-46BE-BC3F-5CF9C50ADEF9}"
EndProject
Project("{8BC9CEB8-8B4A-11D0-8D11-00A0C91BC942}") = "06 - Program structure - Exercice 2 - Function pointer", "06 - Program structure - Exercice - Function pointer\06 - Program structure - Exercice - Function pointer.vcxproj", "{F75D8B45-ADDF-44CC-9D98-80C19CDBF1BE}"
EndProject
Project("{8BC9CEB8-8B4A-11D0-8D11-00A0C91BC942}") = "06 - Program structure - Exercice 3 - Function pointer", "06 - Program structure - Exercice 3 - Function pointer\06 - Program structure - Exercice 3 - Function pointer.vcxproj", "{A5BD75DB-DE23-4488-A635-2C8BD110521D}"
EndProject
Global
	GlobalSection(SolutionConfigurationPlatforms) = preSolution
		Debug|x64 = Debug|x64
		Debug|x86 = Debug|x86
		Release|x64 = Release|x64
		Release|x86 = Release|x86
	EndGlobalSection
	GlobalSection(ProjectConfigurationPlatforms) = postSolution
		{FBCF8D7A-9AB2-4550-A68E-5552B7BBA07B}.Debug|x64.ActiveCfg = Debug|x64
		{FBCF8D7A-9AB2-4550-A68E-5552B7BBA07B}.Debug|x64.Build.0 = Debug|x64
		{FBCF8D7A-9AB2-4550-A68E-5552B7BBA07B}.Debug|x86.ActiveCfg = Debug|Win32
		{FBCF8D7A-9AB2-4550-A68E-5552B7BBA07B}.Debug|x86.Build.0 = Debug|Win32
		{FBCF8D7A-9AB2-4550-A68E-5552B7BBA07B}.Release|x64.ActiveCfg = Release|x64
		{FBCF8D7A-9AB2-4550-A68E-5552B7BBA07B}.Release|x64.Build.0 = Release|x64
		{FBCF8D7A-9AB2-4550-A68E-5552B7BBA07B}.Release|x86.ActiveCfg = Release|Win32
		{FBCF8D7A-9AB2-4550-A68E-5552B7BBA07B}.Release|x86.Build.0 = Release|Win32
		{ED1C9893-1D17-4DA2-8026-7B4630F386E5}.Debug|x64.ActiveCfg = Debug|x64
		{ED1C9893-1D17-4DA2-8026-7B4630F386E5}.Debug|x64.Build.0 = Debug|x64
		{ED1C9893-1D17-4DA2-8026-7B4630F386E5}.Debug|x86.ActiveCfg = Debug|Win32
		{ED1C9893-1D17-4DA2-8026-7B4630F386E5}.Debug|x86.Build.0 = Debug|Win32
		{ED1C9893-1D17-4DA2-8026-7B4630F386E5}.Release|x64.ActiveCfg = Release|x64
		{ED1C9893-1D17-4DA2-8026-7B4630F386E5}.Release|x64.Build.0 = Release|x64
		{ED1C9893-1D17-4DA2-8026-7B4630F386E5}.Release|x86.ActiveCfg = Release|Win32
		{ED1C9893-1D17-4DA2-8026-7B4630F386E5}.Release|x86.Build.0 = Release|Win32
		{E26B7E31-8F88-4F65-ABA6-2087C40878D7}.Debug|x64.ActiveCfg = Debug|x64
		{E26B7E31-8F88-4F65-ABA6-2087C40878D7}.Debug|x64.Build.0 = Debug|x64
		{E26B7E31-8F88-4F65-ABA6-2087C40878D7}.Debug|x86.ActiveCfg = Debug|Win32
		{E26B7E31-8F88-4F65-ABA6-2087C40878D7}.Debug|x86.Build.0 = Debug|Win32
		{E26B7E31-8F88-4F65-ABA6-2087C40878D7}.Release|x64.ActiveCfg = Release|x64
		{E26B7E31-8F88-4F65-ABA6-2087C40878D7}.Release|x64.Build.0 = Release|x64
		{E26B7E31-8F88-4F65-ABA6-2087C40878D7}.Release|x86.ActiveCfg = Release|Win32
		{E26B7E31-8F88-4F65-ABA6-2087C40878D7}.Release|x86.Build.0 = Release|Win32
		{561FEDF4-58A8-433B-8E5C-E6D640B17927}.Debug|x64.ActiveCfg = Debug|x64
		{561FEDF4-58A8-433B-8E5C-E6D640B17927}.Debug|x64.Build.0 = Debug|x64
		{561FEDF4-58A8-433B-8E5C-E6D640B17927}.Debug|x86.ActiveCfg = Debug|Win32
		{561FEDF4-58A8-433B-8E5C-E6D640B17927}.Debug|x86.Build.0 = Debug|Win32
		{561FEDF4-58A8-433B-8E5C-E6D640B17927}.Release|x64.ActiveCfg = Release|x64
		{561FEDF4-58A8-433B-8E5C-E6D640B17927}.Release|x64.Build.0 = Release|x64
		{561FEDF4-58A8-433B-8E5C-E6D640B17927}.Release|x86.ActiveCfg = Release|Win32
		{561FEDF4-58A8-433B-8E5C-E6D640B17927}.Release|x86.Build.0 = Release|Win32
		{943707CA-02F2-43A8-8FBA-18795FF99246}.Debug|x64.ActiveCfg = Debug|x64
		{943707CA-02F2-43A8-8FBA-18795FF99246}.Debug|x64.Build.0 = Debug|x64
		{943707CA-02F2-43A8-8FBA-18795FF99246}.Debug|x86.ActiveCfg = Debug|Win32
		{943707CA-02F2-43A8-8FBA-18795FF99246}.Debug|x86.Build.0 = Debug|Win32
		{943707CA-02F2-43A8-8FBA-18795FF99246}.Release|x64.ActiveCfg = Release|x64
		{943707CA-02F2-43A8-8FBA-18795FF99246}.Release|x64.Build.0 = Release|x64
		{943707CA-02F2-43A8-8FBA-18795FF99246}.Release|x86.ActiveCfg = Release|Win32
		{943707CA-02F2-43A8-8FBA-18795FF99246}.Release|x86.Build.0 = Release|Win32
		{886D6270-B357-4DDB-AE2E-81262FB4044E}.Debug|x64.ActiveCfg = Debug|x64
		{886D6270-B357-4DDB-AE2E-81262FB4044E}.Debug|x64.Build.0 = Debug|x64
		{886D6270-B357-4DDB-AE2E-81262FB4044E}.Debug|x86.ActiveCfg = Debug|Win32
		{886D6270-B357-4DDB-AE2E-81262FB4044E}.Debug|x86.Build.0 = Debug|Win32
		{886D6270-B357-4DDB-AE2E-81262FB4044E}.Release|x64.ActiveCfg = Release|x64
		{886D6270-B357-4DDB-AE2E-81262FB4044E}.Release|x64.Build.0 = Release|x64
		{886D6270-B357-4DDB-AE2E-81262FB4044E}.Release|x86.ActiveCfg = Release|Win32
		{886D6270-B357-4DDB-AE2E-81262FB4044E}.Release|x86.Build.0 = Release|Win32
		{53EE35B1-8EA2-4392-BB7D-2F26373800C2}.Debug|x64.ActiveCfg = Debug|x64
		{53EE35B1-8EA2-4392-BB7D-2F26373800C2}.Debug|x64.Build.0 = Debug|x64
		{53EE35B1-8EA2-4392-BB7D-2F26373800C2}.Debug|x86.ActiveCfg = Debug|Win32
		{53EE35B1-8EA2-4392-BB7D-2F26373800C2}.Debug|x86.Build.0 = Debug|Win32
		{53EE35B1-8EA2-4392-BB7D-2F26373800C2}.Release|x64.ActiveCfg = Release|x64
		{53EE35B1-8EA2-4392-BB7D-2F26373800C2}.Release|x64.Build.0 = Release|x64
		{53EE35B1-8EA2-4392-BB7D-2F26373800C2}.Release|x86.ActiveCfg = Release|Win32
		{53EE35B1-8EA2-4392-BB7D-2F26373800C2}.Release|x86.Build.0 = Release|Win32
		{29D002B9-6C36-4799-9E3C-1AA5BE19B081}.Debug|x64.ActiveCfg = Debug|x64
		{29D002B9-6C36-4799-9E3C-1AA5BE19B081}.Debug|x64.Build.0 = Debug|x64
		{29D002B9-6C36-4799-9E3C-1AA5BE19B081}.Debug|x86.ActiveCfg = Debug|Win32
		{29D002B9-6C36-4799-9E3C-1AA5BE19B081}.Debug|x86.Build.0 = Debug|Win32
		{29D002B9-6C36-4799-9E3C-1AA5BE19B081}.Release|x64.ActiveCfg = Release|x64
		{29D002B9-6C36-4799-9E3C-1AA5BE19B081}.Release|x64.Build.0 = Release|x64
		{29D002B9-6C36-4799-9E3C-1AA5BE19B081}.Release|x86.ActiveCfg = Release|Win32
		{29D002B9-6C36-4799-9E3C-1AA5BE19B081}.Release|x86.Build.0 = Release|Win32
		{6AE54CAE-5594-4EEE-B869-90AD26BA8B9B}.Debug|x64.ActiveCfg = Debug|x64
		{6AE54CAE-5594-4EEE-B869-90AD26BA8B9B}.Debug|x64.Build.0 = Debug|x64
		{6AE54CAE-5594-4EEE-B869-90AD26BA8B9B}.Debug|x86.ActiveCfg = Debug|Win32
		{6AE54CAE-5594-4EEE-B869-90AD26BA8B9B}.Debug|x86.Build.0 = Debug|Win32
		{6AE54CAE-5594-4EEE-B869-90AD26BA8B9B}.Release|x64.ActiveCfg = Release|x64
		{6AE54CAE-5594-4EEE-B869-90AD26BA8B9B}.Release|x64.Build.0 = Release|x64
		{6AE54CAE-5594-4EEE-B869-90AD26BA8B9B}.Release|x86.ActiveCfg = Release|Win32
		{6AE54CAE-5594-4EEE-B869-90AD26BA8B9B}.Release|x86.Build.0 = Release|Win32
		{62864E9F-A5B7-4DB8-AF87-988FE5114256}.Debug|x64.ActiveCfg = Debug|x64
		{62864E9F-A5B7-4DB8-AF87-988FE5114256}.Debug|x64.Build.0 = Debug|x64
		{62864E9F-A5B7-4DB8-AF87-988FE5114256}.Debug|x86.ActiveCfg = Debug|Win32
		{62864E9F-A5B7-4DB8-AF87-988FE5114256}.Debug|x86.Build.0 = Debug|Win32
		{62864E9F-A5B7-4DB8-AF87-988FE5114256}.Release|x64.ActiveCfg = Release|x64
		{62864E9F-A5B7-4DB8-AF87-988FE5114256}.Release|x64.Build.0 = Release|x64
		{62864E9F-A5B7-4DB8-AF87-988FE5114256}.Release|x86.ActiveCfg = Release|Win32
		{62864E9F-A5B7-4DB8-AF87-988FE5114256}.Release|x86.Build.0 = Release|Win32
		{C2BFA2A4-18D4-4A3C-B76F-74010CF5ECAF}.Debug|x64.ActiveCfg = Debug|x64
		{C2BFA2A4-18D4-4A3C-B76F-74010CF5ECAF}.Debug|x64.Build.0 = Debug|x64
		{C2BFA2A4-18D4-4A3C-B76F-74010CF5ECAF}.Debug|x86.ActiveCfg = Debug|Win32
		{C2BFA2A4-18D4-4A3C-B76F-74010CF5ECAF}.Debug|x86.Build.0 = Debug|Win32
		{C2BFA2A4-18D4-4A3C-B76F-74010CF5ECAF}.Release|x64.ActiveCfg = Release|x64
		{C2BFA2A4-18D4-4A3C-B76F-74010CF5ECAF}.Release|x64.Build.0 = Release|x64
		{C2BFA2A4-18D4-4A3C-B76F-74010CF5ECAF}.Release|x86.ActiveCfg = Release|Win32
		{C2BFA2A4-18D4-4A3C-B76F-74010CF5ECAF}.Release|x86.Build.0 = Release|Win32
		{1C9E52A1-D04E-48B8-8440-2E0DBF996C5B}.Debug|x64.ActiveCfg = Debug|x64
		{1C9E52A1-D04E-48B8-8440-2E0DBF996C5B}.Debug|x64.Build.0 = Debug|x64
		{1C9E52A1-D04E-48B8-8440-2E0DBF996C5B}.Debug|x86.ActiveCfg = Debug|Win32
		{1C9E52A1-D04E-48B8-8440-2E0DBF996C5B}.Debug|x86.Build.0 = Debug|Win32
		{1C9E52A1-D04E-48B8-8440-2E0DBF996C5B}.Release|x64.ActiveCfg = Release|x64
		{1C9E52A1-D04E-48B8-8440-2E0DBF996C5B}.Release|x64.Build.0 = Release|x64
		{1C9E52A1-D04E-48B8-8440-2E0DBF996C5B}.Release|x86.ActiveCfg = Release|Win32
		{1C9E52A1-D04E-48B8-8440-2E0DBF996C5B}.Release|x86.Build.0 = Release|Win32
		{6E26140B-24B1-4067-9E96-679D51A1D129}.Debug|x64.ActiveCfg = Debug|x64
		{6E26140B-24B1-4067-9E96-679D51A1D129}.Debug|x64.Build.0 = Debug|x64
		{6E26140B-24B1-4067-9E96-679D51A1D129}.Debug|x86.ActiveCfg = Debug|Win32
		{6E26140B-24B1-4067-9E96-679D51A1D129}.Debug|x86.Build.0 = Debug|Win32
		{6E26140B-24B1-4067-9E96-679D51A1D129}.Release|x64.ActiveCfg = Release|x64
		{6E26140B-24B1-4067-9E96-679D51A1D129}.Release|x64.Build.0 = Release|x64
		{6E26140B-24B1-4067-9E96-679D51A1D129}.Release|x86.ActiveCfg = Release|Win32
		{6E26140B-24B1-4067-9E96-679D51A1D129}.Release|x86.Build.0 = Release|Win32
		{687C4E3A-4CD2-46EF-ADEB-FC202F1244B2}.Debug|x64.ActiveCfg = Debug|x64
		{687C4E3A-4CD2-46EF-ADEB-FC202F1244B2}.Debug|x64.Build.0 = Debug|x64
		{687C4E3A-4CD2-46EF-ADEB-FC202F1244B2}.Debug|x86.ActiveCfg = Debug|Win32
		{687C4E3A-4CD2-46EF-ADEB-FC202F1244B2}.Debug|x86.Build.0 = Debug|Win32
		{687C4E3A-4CD2-46EF-ADEB-FC202F1244B2}.Release|x64.ActiveCfg = Release|x64
		{687C4E3A-4CD2-46EF-ADEB-FC202F1244B2}.Release|x64.Build.0 = Release|x64
		{687C4E3A-4CD2-46EF-ADEB-FC202F1244B2}.Release|x86.ActiveCfg = Release|Win32
		{687C4E3A-4CD2-46EF-ADEB-FC202F1244B2}.Release|x86.Build.0 = Release|Win32
		{522ED691-05C6-4897-82DA-801701218C79}.Debug|x64.ActiveCfg = Debug|x64
		{522ED691-05C6-4897-82DA-801701218C79}.Debug|x64.Build.0 = Debug|x64
		{522ED691-05C6-4897-82DA-801701218C79}.Debug|x86.ActiveCfg = Debug|Win32
		{522ED691-05C6-4897-82DA-801701218C79}.Debug|x86.Build.0 = Debug|Win32
		{522ED691-05C6-4897-82DA-801701218C79}.Release|x64.ActiveCfg = Release|x64
		{522ED691-05C6-4897-82DA-801701218C79}.Release|x64.Build.0 = Release|x64
		{522ED691-05C6-4897-82DA-801701218C79}.Release|x86.ActiveCfg = Release|Win32
		{522ED691-05C6-4897-82DA-801701218C79}.Release|x86.Build.0 = Release|Win32
		{CF59C4B1-0EAE-4B40-B969-64B7558FAE00}.Debug|x64.ActiveCfg = Debug|x64
		{CF59C4B1-0EAE-4B40-B969-64B7558FAE00}.Debug|x64.Build.0 = Debug|x64
		{CF59C4B1-0EAE-4B40-B969-64B7558FAE00}.Debug|x86.ActiveCfg = Debug|Win32
		{CF59C4B1-0EAE-4B40-B969-64B7558FAE00}.Debug|x86.Build.0 = Debug|Win32
		{CF59C4B1-0EAE-4B40-B969-64B7558FAE00}.Release|x64.ActiveCfg = Release|x64
		{CF59C4B1-0EAE-4B40-B969-64B7558FAE00}.Release|x64.Build.0 = Release|x64
		{CF59C4B1-0EAE-4B40-B969-64B7558FAE00}.Release|x86.ActiveCfg = Release|Win32
		{CF59C4B1-0EAE-4B40-B969-64B7558FAE00}.Release|x86.Build.0 = Release|Win32
		{ABAFFEEE-F225-4DAC-903D-3BE5840CC7A8}.Debug|x64.ActiveCfg = Debug|x64
		{ABAFFEEE-F225-4DAC-903D-3BE5840CC7A8}.Debug|x64.Build.0 = Debug|x64
		{ABAFFEEE-F225-4DAC-903D-3BE5840CC7A8}.Debug|x86.ActiveCfg = Debug|Win32
		{ABAFFEEE-F225-4DAC-903D-3BE5840CC7A8}.Debug|x86.Build.0 = Debug|Win32
		{ABAFFEEE-F225-4DAC-903D-3BE5840CC7A8}.Release|x64.ActiveCfg = Release|x64
		{ABAFFEEE-F225-4DAC-903D-3BE5840CC7A8}.Release|x64.Build.0 = Release|x64
		{ABAFFEEE-F225-4DAC-903D-3BE5840CC7A8}.Release|x86.ActiveCfg = Release|Win32
		{ABAFFEEE-F225-4DAC-903D-3BE5840CC7A8}.Release|x86.Build.0 = Release|Win32
		{692B5999-508F-4EFF-99D7-BB941564E0FB}.Debug|x64.ActiveCfg = Debug|x64
		{692B5999-508F-4EFF-99D7-BB941564E0FB}.Debug|x64.Build.0 = Debug|x64
		{692B5999-508F-4EFF-99D7-BB941564E0FB}.Debug|x86.ActiveCfg = Debug|Win32
		{692B5999-508F-4EFF-99D7-BB941564E0FB}.Debug|x86.Build.0 = Debug|Win32
		{692B5999-508F-4EFF-99D7-BB941564E0FB}.Release|x64.ActiveCfg = Release|x64
		{692B5999-508F-4EFF-99D7-BB941564E0FB}.Release|x64.Build.0 = Release|x64
		{692B5999-508F-4EFF-99D7-BB941564E0FB}.Release|x86.ActiveCfg = Release|Win32
		{692B5999-508F-4EFF-99D7-BB941564E0FB}.Release|x86.Build.0 = Release|Win32
		{35FDFBA6-D39E-4FE9-9950-3A15730ACD2E}.Debug|x64.ActiveCfg = Debug|x64
		{35FDFBA6-D39E-4FE9-9950-3A15730ACD2E}.Debug|x64.Build.0 = Debug|x64
		{35FDFBA6-D39E-4FE9-9950-3A15730ACD2E}.Debug|x86.ActiveCfg = Debug|Win32
		{35FDFBA6-D39E-4FE9-9950-3A15730ACD2E}.Debug|x86.Build.0 = Debug|Win32
		{35FDFBA6-D39E-4FE9-9950-3A15730ACD2E}.Release|x64.ActiveCfg = Release|x64
		{35FDFBA6-D39E-4FE9-9950-3A15730ACD2E}.Release|x64.Build.0 = Release|x64
		{35FDFBA6-D39E-4FE9-9950-3A15730ACD2E}.Release|x86.ActiveCfg = Release|Win32
		{35FDFBA6-D39E-4FE9-9950-3A15730ACD2E}.Release|x86.Build.0 = Release|Win32
		{B85DAFD7-AC29-41ED-A835-DA54386237A3}.Debug|x64.ActiveCfg = Debug|x64
		{B85DAFD7-AC29-41ED-A835-DA54386237A3}.Debug|x64.Build.0 = Debug|x64
		{B85DAFD7-AC29-41ED-A835-DA54386237A3}.Debug|x86.ActiveCfg = Debug|Win32
		{B85DAFD7-AC29-41ED-A835-DA54386237A3}.Debug|x86.Build.0 = Debug|Win32
		{B85DAFD7-AC29-41ED-A835-DA54386237A3}.Release|x64.ActiveCfg = Release|x64
		{B85DAFD7-AC29-41ED-A835-DA54386237A3}.Release|x64.Build.0 = Release|x64
		{B85DAFD7-AC29-41ED-A835-DA54386237A3}.Release|x86.ActiveCfg = Release|Win32
		{B85DAFD7-AC29-41ED-A835-DA54386237A3}.Release|x86.Build.0 = Release|Win32
		{40F55AF9-17FB-4BA9-B284-35CCA9CF0B37}.Debug|x64.ActiveCfg = Debug|x64
		{40F55AF9-17FB-4BA9-B284-35CCA9CF0B37}.Debug|x64.Build.0 = Debug|x64
		{40F55AF9-17FB-4BA9-B284-35CCA9CF0B37}.Debug|x86.ActiveCfg = Debug|Win32
		{40F55AF9-17FB-4BA9-B284-35CCA9CF0B37}.Debug|x86.Build.0 = Debug|Win32
		{40F55AF9-17FB-4BA9-B284-35CCA9CF0B37}.Release|x64.ActiveCfg = Release|x64
		{40F55AF9-17FB-4BA9-B284-35CCA9CF0B37}.Release|x64.Build.0 = Release|x64
		{40F55AF9-17FB-4BA9-B284-35CCA9CF0B37}.Release|x86.ActiveCfg = Release|Win32
		{40F55AF9-17FB-4BA9-B284-35CCA9CF0B37}.Release|x86.Build.0 = Release|Win32
		{2E58BBAE-207B-4C20-9645-79C19B2A7B77}.Debug|x64.ActiveCfg = Debug|x64
		{2E58BBAE-207B-4C20-9645-79C19B2A7B77}.Debug|x64.Build.0 = Debug|x64
		{2E58BBAE-207B-4C20-9645-79C19B2A7B77}.Debug|x86.ActiveCfg = Debug|Win32
		{2E58BBAE-207B-4C20-9645-79C19B2A7B77}.Debug|x86.Build.0 = Debug|Win32
		{2E58BBAE-207B-4C20-9645-79C19B2A7B77}.Release|x64.ActiveCfg = Release|x64
		{2E58BBAE-207B-4C20-9645-79C19B2A7B77}.Release|x64.Build.0 = Release|x64
		{2E58BBAE-207B-4C20-9645-79C19B2A7B77}.Release|x86.ActiveCfg = Release|Win32
		{2E58BBAE-207B-4C20-9645-79C19B2A7B77}.Release|x86.Build.0 = Release|Win32
		{F75D8B45-ADDF-44CC-9D98-80C19CDBF1BE}.Debug|x64.ActiveCfg = Debug|x64
		{F75D8B45-ADDF-44CC-9D98-80C19CDBF1BE}.Debug|x64.Build.0 = Debug|x64
		{F75D8B45-ADDF-44CC-9D98-80C19CDBF1BE}.Debug|x86.ActiveCfg = Debug|Win32
		{F75D8B45-ADDF-44CC-9D98-80C19CDBF1BE}.Debug|x86.Build.0 = Debug|Win32
		{F75D8B45-ADDF-44CC-9D98-80C19CDBF1BE}.Release|x64.ActiveCfg = Release|x64
		{F75D8B45-ADDF-44CC-9D98-80C19CDBF1BE}.Release|x64.Build.0 = Release|x64
		{F75D8B45-ADDF-44CC-9D98-80C19CDBF1BE}.Release|x86.ActiveCfg = Release|Win32
		{F75D8B45-ADDF-44CC-9D98-80C19CDBF1BE}.Release|x86.Build.0 = Release|Win32
		{A5BD75DB-DE23-4488-A635-2C8BD110521D}.Debug|x64.ActiveCfg = Debug|x64
		{A5BD75DB-DE23-4488-A635-2C8BD110521D}.Debug|x64.Build.0 = Debug|x64
		{A5BD75DB-DE23-4488-A635-2C8BD110521D}.Debug|x86.ActiveCfg = Debug|Win32
		{A5BD75DB-DE23-4488-A635-2C8BD110521D}.Debug|x86.Build.0 = Debug|Win32
		{A5BD75DB-DE23-4488-A635-2C8BD110521D}.Release|x64.ActiveCfg = Release|x64
		{A5BD75DB-DE23-4488-A635-2C8BD110521D}.Release|x64.Build.0 = Release|x64
		{A5BD75DB-DE23-4488-A635-2C8BD110521D}.Release|x86.ActiveCfg = Release|Win32
		{A5BD75DB-DE23-4488-A635-2C8BD110521D}.Release|x86.Build.0 = Release|Win32
	EndGlobalSection
	GlobalSection(SolutionProperties) = preSolution
		HideSolutionNode = FALSE
	EndGlobalSection
	GlobalSection(NestedProjects) = preSolution
		{FBCF8D7A-9AB2-4550-A68E-5552B7BBA07B} = {142D4DE1-1F68-412F-BC5F-19B370433E20}
		{ED1C9893-1D17-4DA2-8026-7B4630F386E5} = {142D4DE1-1F68-412F-BC5F-19B370433E20}
		{E26B7E31-8F88-4F65-ABA6-2087C40878D7} = {28449F6E-E0FF-4825-81BC-636F9F6D33A7}
		{561FEDF4-58A8-433B-8E5C-E6D640B17927} = {2D870702-5E04-44BD-9F4F-D41119BFF4C1}
		{943707CA-02F2-43A8-8FBA-18795FF99246} = {2D870702-5E04-44BD-9F4F-D41119BFF4C1}
		{886D6270-B357-4DDB-AE2E-81262FB4044E} = {2D870702-5E04-44BD-9F4F-D41119BFF4C1}
		{53EE35B1-8EA2-4392-BB7D-2F26373800C2} = {2D870702-5E04-44BD-9F4F-D41119BFF4C1}
		{29D002B9-6C36-4799-9E3C-1AA5BE19B081} = {2D870702-5E04-44BD-9F4F-D41119BFF4C1}
		{6AE54CAE-5594-4EEE-B869-90AD26BA8B9B} = {2D870702-5E04-44BD-9F4F-D41119BFF4C1}
		{62864E9F-A5B7-4DB8-AF87-988FE5114256} = {2D870702-5E04-44BD-9F4F-D41119BFF4C1}
		{C2BFA2A4-18D4-4A3C-B76F-74010CF5ECAF} = {9B43D59D-A7C2-4805-8EF7-BEDAB7CF7F5C}
		{1C9E52A1-D04E-48B8-8440-2E0DBF996C5B} = {9B43D59D-A7C2-4805-8EF7-BEDAB7CF7F5C}
		{6E26140B-24B1-4067-9E96-679D51A1D129} = {9B43D59D-A7C2-4805-8EF7-BEDAB7CF7F5C}
		{687C4E3A-4CD2-46EF-ADEB-FC202F1244B2} = {9B43D59D-A7C2-4805-8EF7-BEDAB7CF7F5C}
		{522ED691-05C6-4897-82DA-801701218C79} = {54D4695D-7C7E-45CF-A7AC-F08995D31BCE}
		{CF59C4B1-0EAE-4B40-B969-64B7558FAE00} = {54D4695D-7C7E-45CF-A7AC-F08995D31BCE}
		{ABAFFEEE-F225-4DAC-903D-3BE5840CC7A8} = {54D4695D-7C7E-45CF-A7AC-F08995D31BCE}
		{692B5999-508F-4EFF-99D7-BB941564E0FB} = {54D4695D-7C7E-45CF-A7AC-F08995D31BCE}
		{35FDFBA6-D39E-4FE9-9950-3A15730ACD2E} = {54D4695D-7C7E-45CF-A7AC-F08995D31BCE}
		{B85DAFD7-AC29-41ED-A835-DA54386237A3} = {56149985-0F71-4FBD-A7DC-D9D45E6A9B61}
		{40F55AF9-17FB-4BA9-B284-35CCA9CF0B37} = {54D4695D-7C7E-45CF-A7AC-F08995D31BCE}
		{2E58BBAE-207B-4C20-9645-79C19B2A7B77} = {54D4695D-7C7E-45CF-A7AC-F08995D31BCE}
		{F75D8B45-ADDF-44CC-9D98-80C19CDBF1BE} = {D3132520-7128-46BE-BC3F-5CF9C50ADEF9}
		{A5BD75DB-DE23-4488-A635-2C8BD110521D} = {D3132520-7128-46BE-BC3F-5CF9C50ADEF9}
	EndGlobalSection
	GlobalSection(ExtensibilityGlobals) = postSolution
		SolutionGuid = {03B864E3-B50F-49C9-8BC8-55681D25B674}
	EndGlobalSection
EndGlobal
