
Microsoft Visual Studio Solution File, Format Version 12.00
# Visual Studio Version 16
VisualStudioVersion = 16.0.31321.278
MinimumVisualStudioVersion = 10.0.40219.1
Project("{8BC9CEB8-8B4A-11D0-8D11-00A0C91BC942}") = "HelloWorld", "HelloWorld\HelloWorld.vcxproj", "{FBCF8D7A-9AB2-4550-A68E-5552B7BBA07B}"
EndProject
Project("{8BC9CEB8-8B4A-11D0-8D11-00A0C91BC942}") = "CombatCpp", "CombatCpp\CombatCpp.vcxproj", "{ED1C9893-1D17-4DA2-8026-7B4630F386E5}"
EndProject
Project("{8BC9CEB8-8B4A-11D0-8D11-00A0C91BC942}") = "1.02 - PokerHandDealer - formative", "PokerHandDealer\PokerHandDealer.vcxproj", "{E26B7E31-8F88-4F65-ABA6-2087C40878D7}"
EndProject
Project("{8BC9CEB8-8B4A-11D0-8D11-00A0C91BC942}") = "01.02 - exo - strings -1", "01.02 - exo - strings -1\01.02 - exo - strings -1.vcxproj", "{561FEDF4-58A8-433B-8E5C-E6D640B17927}"
EndProject
Project("{8BC9CEB8-8B4A-11D0-8D11-00A0C91BC942}") = "01.02 - exo - strings - reverse", "01.02 - exo - strings - reverse\01.02 - exo - strings - reverse.vcxproj", "{943707CA-02F2-43A8-8FBA-18795FF99246}"
EndProject
Project("{8BC9CEB8-8B4A-11D0-8D11-00A0C91BC942}") = "01.02 - exo - strings - forward", "01.02 - exo - strings - forward\01.02 - exo - strings - forward.vcxproj", "{886D6270-B357-4DDB-AE2E-81262FB4044E}"
EndProject
Project("{8BC9CEB8-8B4A-11D0-8D11-00A0C91BC942}") = "01.02 - exo - strings - Capitalize", "01.02 - exo - strings - Capitalize\01.02 - exo - strings - Capitalize.vcxproj", "{53EE35B1-8EA2-4392-BB7D-2F26373800C2}"
EndProject
Project("{8BC9CEB8-8B4A-11D0-8D11-00A0C91BC942}") = "01.02 - exo -strings - longestWord", "01.02 - exo -strings - longestWord\01.02 - exo -strings - longestWord.vcxproj", "{29D002B9-6C36-4799-9E3C-1AA5BE19B081}"
EndProject
Project("{8BC9CEB8-8B4A-11D0-8D11-00A0C91BC942}") = "01.02 - exo - strings - replace", "01.02 - exo - strings - replace\01.02 - exo - strings - replace.vcxproj", "{6AE54CAE-5594-4EEE-B869-90AD26BA8B9B}"
EndProject
Project("{8BC9CEB8-8B4A-11D0-8D11-00A0C91BC942}") = "01.02 - FORMATIVE - strings - NarrativeGame", "01.02 - FORMATIVE - strings - NarrativeGame\01.02 - FORMATIVE - strings - NarrativeGame.vcxproj", "{62864E9F-A5B7-4DB8-AF87-988FE5114256}"
EndProject
Project("{8BC9CEB8-8B4A-11D0-8D11-00A0C91BC942}") = "03 - exo - Vector - 2.1", "..\03 - exo - Vector - 2.1\03 - exo - Vector - 2.1.vcxproj", "{179BEE1A-3FAA-45EA-9B71-8FF41D7521FC}"
EndProject
Global
	GlobalSection(SolutionConfigurationPlatforms) = preSolution
		Debug|x64 = Debug|x64
		Debug|x86 = Debug|x86
		Release|x64 = Release|x64
		Release|x86 = Release|x86
	EndGlobalSection
	GlobalSection(ProjectConfigurationPlatforms) = postSolution
		{FBCF8D7A-9AB2-4550-A68E-5552B7BBA07B}.Debug|x64.ActiveCfg = Debug|x64
		{FBCF8D7A-9AB2-4550-A68E-5552B7BBA07B}.Debug|x64.Build.0 = Debug|x64
		{FBCF8D7A-9AB2-4550-A68E-5552B7BBA07B}.Debug|x86.ActiveCfg = Debug|Win32
		{FBCF8D7A-9AB2-4550-A68E-5552B7BBA07B}.Debug|x86.Build.0 = Debug|Win32
		{FBCF8D7A-9AB2-4550-A68E-5552B7BBA07B}.Release|x64.ActiveCfg = Release|x64
		{FBCF8D7A-9AB2-4550-A68E-5552B7BBA07B}.Release|x64.Build.0 = Release|x64
		{FBCF8D7A-9AB2-4550-A68E-5552B7BBA07B}.Release|x86.ActiveCfg = Release|Win32
		{FBCF8D7A-9AB2-4550-A68E-5552B7BBA07B}.Release|x86.Build.0 = Release|Win32
		{ED1C9893-1D17-4DA2-8026-7B4630F386E5}.Debug|x64.ActiveCfg = Debug|x64
		{ED1C9893-1D17-4DA2-8026-7B4630F386E5}.Debug|x64.Build.0 = Debug|x64
		{ED1C9893-1D17-4DA2-8026-7B4630F386E5}.Debug|x86.ActiveCfg = Debug|Win32
		{ED1C9893-1D17-4DA2-8026-7B4630F386E5}.Debug|x86.Build.0 = Debug|Win32
		{ED1C9893-1D17-4DA2-8026-7B4630F386E5}.Release|x64.ActiveCfg = Release|x64
		{ED1C9893-1D17-4DA2-8026-7B4630F386E5}.Release|x64.Build.0 = Release|x64
		{ED1C9893-1D17-4DA2-8026-7B4630F386E5}.Release|x86.ActiveCfg = Release|Win32
		{ED1C9893-1D17-4DA2-8026-7B4630F386E5}.Release|x86.Build.0 = Release|Win32
		{E26B7E31-8F88-4F65-ABA6-2087C40878D7}.Debug|x64.ActiveCfg = Debug|x64
		{E26B7E31-8F88-4F65-ABA6-2087C40878D7}.Debug|x64.Build.0 = Debug|x64
		{E26B7E31-8F88-4F65-ABA6-2087C40878D7}.Debug|x86.ActiveCfg = Debug|Win32
		{E26B7E31-8F88-4F65-ABA6-2087C40878D7}.Debug|x86.Build.0 = Debug|Win32
		{E26B7E31-8F88-4F65-ABA6-2087C40878D7}.Release|x64.ActiveCfg = Release|x64
		{E26B7E31-8F88-4F65-ABA6-2087C40878D7}.Release|x64.Build.0 = Release|x64
		{E26B7E31-8F88-4F65-ABA6-2087C40878D7}.Release|x86.ActiveCfg = Release|Win32
		{E26B7E31-8F88-4F65-ABA6-2087C40878D7}.Release|x86.Build.0 = Release|Win32
		{561FEDF4-58A8-433B-8E5C-E6D640B17927}.Debug|x64.ActiveCfg = Debug|x64
		{561FEDF4-58A8-433B-8E5C-E6D640B17927}.Debug|x64.Build.0 = Debug|x64
		{561FEDF4-58A8-433B-8E5C-E6D640B17927}.Debug|x86.ActiveCfg = Debug|Win32
		{561FEDF4-58A8-433B-8E5C-E6D640B17927}.Debug|x86.Build.0 = Debug|Win32
		{561FEDF4-58A8-433B-8E5C-E6D640B17927}.Release|x64.ActiveCfg = Release|x64
		{561FEDF4-58A8-433B-8E5C-E6D640B17927}.Release|x64.Build.0 = Release|x64
		{561FEDF4-58A8-433B-8E5C-E6D640B17927}.Release|x86.ActiveCfg = Release|Win32
		{561FEDF4-58A8-433B-8E5C-E6D640B17927}.Release|x86.Build.0 = Release|Win32
		{943707CA-02F2-43A8-8FBA-18795FF99246}.Debug|x64.ActiveCfg = Debug|x64
		{943707CA-02F2-43A8-8FBA-18795FF99246}.Debug|x64.Build.0 = Debug|x64
		{943707CA-02F2-43A8-8FBA-18795FF99246}.Debug|x86.ActiveCfg = Debug|Win32
		{943707CA-02F2-43A8-8FBA-18795FF99246}.Debug|x86.Build.0 = Debug|Win32
		{943707CA-02F2-43A8-8FBA-18795FF99246}.Release|x64.ActiveCfg = Release|x64
		{943707CA-02F2-43A8-8FBA-18795FF99246}.Release|x64.Build.0 = Release|x64
		{943707CA-02F2-43A8-8FBA-18795FF99246}.Release|x86.ActiveCfg = Release|Win32
		{943707CA-02F2-43A8-8FBA-18795FF99246}.Release|x86.Build.0 = Release|Win32
		{886D6270-B357-4DDB-AE2E-81262FB4044E}.Debug|x64.ActiveCfg = Debug|x64
		{886D6270-B357-4DDB-AE2E-81262FB4044E}.Debug|x64.Build.0 = Debug|x64
		{886D6270-B357-4DDB-AE2E-81262FB4044E}.Debug|x86.ActiveCfg = Debug|Win32
		{886D6270-B357-4DDB-AE2E-81262FB4044E}.Debug|x86.Build.0 = Debug|Win32
		{886D6270-B357-4DDB-AE2E-81262FB4044E}.Release|x64.ActiveCfg = Release|x64
		{886D6270-B357-4DDB-AE2E-81262FB4044E}.Release|x64.Build.0 = Release|x64
		{886D6270-B357-4DDB-AE2E-81262FB4044E}.Release|x86.ActiveCfg = Release|Win32
		{886D6270-B357-4DDB-AE2E-81262FB4044E}.Release|x86.Build.0 = Release|Win32
		{53EE35B1-8EA2-4392-BB7D-2F26373800C2}.Debug|x64.ActiveCfg = Debug|x64
		{53EE35B1-8EA2-4392-BB7D-2F26373800C2}.Debug|x64.Build.0 = Debug|x64
		{53EE35B1-8EA2-4392-BB7D-2F26373800C2}.Debug|x86.ActiveCfg = Debug|Win32
		{53EE35B1-8EA2-4392-BB7D-2F26373800C2}.Debug|x86.Build.0 = Debug|Win32
		{53EE35B1-8EA2-4392-BB7D-2F26373800C2}.Release|x64.ActiveCfg = Release|x64
		{53EE35B1-8EA2-4392-BB7D-2F26373800C2}.Release|x64.Build.0 = Release|x64
		{53EE35B1-8EA2-4392-BB7D-2F26373800C2}.Release|x86.ActiveCfg = Release|Win32
		{53EE35B1-8EA2-4392-BB7D-2F26373800C2}.Release|x86.Build.0 = Release|Win32
		{29D002B9-6C36-4799-9E3C-1AA5BE19B081}.Debug|x64.ActiveCfg = Debug|x64
		{29D002B9-6C36-4799-9E3C-1AA5BE19B081}.Debug|x64.Build.0 = Debug|x64
		{29D002B9-6C36-4799-9E3C-1AA5BE19B081}.Debug|x86.ActiveCfg = Debug|Win32
		{29D002B9-6C36-4799-9E3C-1AA5BE19B081}.Debug|x86.Build.0 = Debug|Win32
		{29D002B9-6C36-4799-9E3C-1AA5BE19B081}.Release|x64.ActiveCfg = Release|x64
		{29D002B9-6C36-4799-9E3C-1AA5BE19B081}.Release|x64.Build.0 = Release|x64
		{29D002B9-6C36-4799-9E3C-1AA5BE19B081}.Release|x86.ActiveCfg = Release|Win32
		{29D002B9-6C36-4799-9E3C-1AA5BE19B081}.Release|x86.Build.0 = Release|Win32
		{6AE54CAE-5594-4EEE-B869-90AD26BA8B9B}.Debug|x64.ActiveCfg = Debug|x64
		{6AE54CAE-5594-4EEE-B869-90AD26BA8B9B}.Debug|x64.Build.0 = Debug|x64
		{6AE54CAE-5594-4EEE-B869-90AD26BA8B9B}.Debug|x86.ActiveCfg = Debug|Win32
		{6AE54CAE-5594-4EEE-B869-90AD26BA8B9B}.Debug|x86.Build.0 = Debug|Win32
		{6AE54CAE-5594-4EEE-B869-90AD26BA8B9B}.Release|x64.ActiveCfg = Release|x64
		{6AE54CAE-5594-4EEE-B869-90AD26BA8B9B}.Release|x64.Build.0 = Release|x64
		{6AE54CAE-5594-4EEE-B869-90AD26BA8B9B}.Release|x86.ActiveCfg = Release|Win32
		{6AE54CAE-5594-4EEE-B869-90AD26BA8B9B}.Release|x86.Build.0 = Release|Win32
		{62864E9F-A5B7-4DB8-AF87-988FE5114256}.Debug|x64.ActiveCfg = Debug|x64
		{62864E9F-A5B7-4DB8-AF87-988FE5114256}.Debug|x64.Build.0 = Debug|x64
		{62864E9F-A5B7-4DB8-AF87-988FE5114256}.Debug|x86.ActiveCfg = Debug|Win32
		{62864E9F-A5B7-4DB8-AF87-988FE5114256}.Debug|x86.Build.0 = Debug|Win32
		{62864E9F-A5B7-4DB8-AF87-988FE5114256}.Release|x64.ActiveCfg = Release|x64
		{62864E9F-A5B7-4DB8-AF87-988FE5114256}.Release|x64.Build.0 = Release|x64
		{62864E9F-A5B7-4DB8-AF87-988FE5114256}.Release|x86.ActiveCfg = Release|Win32
		{62864E9F-A5B7-4DB8-AF87-988FE5114256}.Release|x86.Build.0 = Release|Win32
		{179BEE1A-3FAA-45EA-9B71-8FF41D7521FC}.Debug|x64.ActiveCfg = Debug|x64
		{179BEE1A-3FAA-45EA-9B71-8FF41D7521FC}.Debug|x64.Build.0 = Debug|x64
		{179BEE1A-3FAA-45EA-9B71-8FF41D7521FC}.Debug|x86.ActiveCfg = Debug|Win32
		{179BEE1A-3FAA-45EA-9B71-8FF41D7521FC}.Debug|x86.Build.0 = Debug|Win32
		{179BEE1A-3FAA-45EA-9B71-8FF41D7521FC}.Release|x64.ActiveCfg = Release|x64
		{179BEE1A-3FAA-45EA-9B71-8FF41D7521FC}.Release|x64.Build.0 = Release|x64
		{179BEE1A-3FAA-45EA-9B71-8FF41D7521FC}.Release|x86.ActiveCfg = Release|Win32
		{179BEE1A-3FAA-45EA-9B71-8FF41D7521FC}.Release|x86.Build.0 = Release|Win32
	EndGlobalSection
	GlobalSection(SolutionProperties) = preSolution
		HideSolutionNode = FALSE
	EndGlobalSection
	GlobalSection(ExtensibilityGlobals) = postSolution
		SolutionGuid = {03B864E3-B50F-49C9-8BC8-55681D25B674}
	EndGlobalSection
EndGlobal
